
Microsoft Visual Studio Solution File, Format Version 12.00
# Visual Studio Version 17
VisualStudioVersion = 17.11.35312.102
MinimumVisualStudioVersion = 10.0.40219.1
Project("{FAE04EC0-301F-11D3-BF4B-00C04F79EFBC}") = "FractalCode", "FractalCode.csproj", "{8EE07170-58C2-4AF7-8EC0-0BF2AB34FE8A}"
EndProject
Global
	GlobalSection(SolutionConfigurationPlatforms) = preSolution
		Debug|Any CPU = Debug|Any CPU
		Release|Any CPU = Release|Any CPU
	EndGlobalSection
	GlobalSection(ProjectConfigurationPlatforms) = postSolution
		{8EE07170-58C2-4AF7-8EC0-0BF2AB34FE8A}.Debug|Any CPU.ActiveCfg = Debug|Any CPU
		{8EE07170-58C2-4AF7-8EC0-0BF2AB34FE8A}.Debug|Any CPU.Build.0 = Debug|Any CPU
		{8EE07170-58C2-4AF7-8EC0-0BF2AB34FE8A}.Release|Any CPU.ActiveCfg = Release|Any CPU
		{8EE07170-58C2-4AF7-8EC0-0BF2AB34FE8A}.Release|Any CPU.Build.0 = Release|Any CPU
	EndGlobalSection
	GlobalSection(SolutionProperties) = preSolution
		HideSolutionNode = FALSE
	EndGlobalSection
	GlobalSection(ExtensibilityGlobals) = postSolution
		SolutionGuid = {404488AE-066E-4611-BE95-E6898092990C}
	EndGlobalSection
EndGlobal
